// !$*UTF8*$!
{
	archiveVersion = 1;
	classes = {
	};
	objectVersion = 50;
	objects = {

/* Begin PBXBuildFile section */
		36E38796226DAE0800F32E2B /* AppDelegate.m in Sources */ = {isa = PBXBuildFile; fileRef = 36E38795226DAE0800F32E2B /* AppDelegate.m */; };
		36E38799226DAE0800F32E2B /* ViewController.m in Sources */ = {isa = PBXBuildFile; fileRef = 36E38798226DAE0800F32E2B /* ViewController.m */; };
		36E3879C226DAE0800F32E2B /* Main.storyboard in Resources */ = {isa = PBXBuildFile; fileRef = 36E3879A226DAE0800F32E2B /* Main.storyboard */; };
		36E3879E226DAE0C00F32E2B /* Assets.xcassets in Resources */ = {isa = PBXBuildFile; fileRef = 36E3879D226DAE0C00F32E2B /* Assets.xcassets */; };
		36E387A1226DAE0C00F32E2B /* LaunchScreen.storyboard in Resources */ = {isa = PBXBuildFile; fileRef = 36E3879F226DAE0C00F32E2B /* LaunchScreen.storyboard */; };
		36E387A4226DAE0C00F32E2B /* main.m in Sources */ = {isa = PBXBuildFile; fileRef = 36E387A3226DAE0C00F32E2B /* main.m */; };
		36E387AE226DAE0C00F32E2B /* LineLayoutTests.m in Sources */ = {isa = PBXBuildFile; fileRef = 36E387AD226DAE0C00F32E2B /* LineLayoutTests.m */; };
		36E387B9226DAE0C00F32E2B /* LineLayoutUITests.m in Sources */ = {isa = PBXBuildFile; fileRef = 36E387B8226DAE0C00F32E2B /* LineLayoutUITests.m */; };
		36E387D1226DAEB800F32E2B /* LineViewController.m in Sources */ = {isa = PBXBuildFile; fileRef = 36E387D0226DAEB800F32E2B /* LineViewController.m */; };
		36E387D4226DAEC500F32E2B /* LineLayout.m in Sources */ = {isa = PBXBuildFile; fileRef = 36E387D3226DAEC500F32E2B /* LineLayout.m */; };
		36E387D7226DAF1D00F32E2B /* CircleViewController.m in Sources */ = {isa = PBXBuildFile; fileRef = 36E387D6226DAF1D00F32E2B /* CircleViewController.m */; };
		36E387DA226DAF5200F32E2B /* LineCollectionView.m in Sources */ = {isa = PBXBuildFile; fileRef = 36E387D9226DAF5200F32E2B /* LineCollectionView.m */; };
		36E38867226EBE7400F32E2B /* CircleLyout.m in Sources */ = {isa = PBXBuildFile; fileRef = 36E38866226EBE7400F32E2B /* CircleLyout.m */; };
		36E3886A226EBE9300F32E2B /* CircleCollectionView.m in Sources */ = {isa = PBXBuildFile; fileRef = 36E38869226EBE9300F32E2B /* CircleCollectionView.m */; };
/* End PBXBuildFile section */

/* Begin PBXContainerItemProxy section */
		36E387AA226DAE0C00F32E2B /* PBXContainerItemProxy */ = {
			isa = PBXContainerItemProxy;
			containerPortal = 36E38789226DAE0800F32E2B /* Project object */;
			proxyType = 1;
			remoteGlobalIDString = 36E38790226DAE0800F32E2B;
			remoteInfo = LineLayout;
		};
		36E387B5226DAE0C00F32E2B /* PBXContainerItemProxy */ = {
			isa = PBXContainerItemProxy;
			containerPortal = 36E38789226DAE0800F32E2B /* Project object */;
			proxyType = 1;
			remoteGlobalIDString = 36E38790226DAE0800F32E2B;
			remoteInfo = LineLayout;
		};
/* End PBXContainerItemProxy section */

/* Begin PBXFileReference section */
		36E38791226DAE0800F32E2B /* LineLayout.app */ = {isa = PBXFileReference; explicitFileType = wrapper.application; includeInIndex = 0; path = LineLayout.app; sourceTree = BUILT_PRODUCTS_DIR; };
		36E38794226DAE0800F32E2B /* AppDelegate.h */ = {isa = PBXFileReference; lastKnownFileType = sourcecode.c.h; path = AppDelegate.h; sourceTree = "<group>"; };
		36E38795226DAE0800F32E2B /* AppDelegate.m */ = {isa = PBXFileReference; lastKnownFileType = sourcecode.c.objc; path = AppDelegate.m; sourceTree = "<group>"; };
		36E38797226DAE0800F32E2B /* ViewController.h */ = {isa = PBXFileReference; lastKnownFileType = sourcecode.c.h; path = ViewController.h; sourceTree = "<group>"; };
		36E38798226DAE0800F32E2B /* ViewController.m */ = {isa = PBXFileReference; lastKnownFileType = sourcecode.c.objc; path = ViewController.m; sourceTree = "<group>"; };
		36E3879B226DAE0800F32E2B /* Base */ = {isa = PBXFileReference; lastKnownFileType = file.storyboard; name = Base; path = Base.lproj/Main.storyboard; sourceTree = "<group>"; };
		36E3879D226DAE0C00F32E2B /* Assets.xcassets */ = {isa = PBXFileReference; lastKnownFileType = folder.assetcatalog; path = Assets.xcassets; sourceTree = "<group>"; };
		36E387A0226DAE0C00F32E2B /* Base */ = {isa = PBXFileReference; lastKnownFileType = file.storyboard; name = Base; path = Base.lproj/LaunchScreen.storyboard; sourceTree = "<group>"; };
		36E387A2226DAE0C00F32E2B /* Info.plist */ = {isa = PBXFileReference; lastKnownFileType = text.plist.xml; path = Info.plist; sourceTree = "<group>"; };
		36E387A3226DAE0C00F32E2B /* main.m */ = {isa = PBXFileReference; lastKnownFileType = sourcecode.c.objc; path = main.m; sourceTree = "<group>"; };
		36E387A9226DAE0C00F32E2B /* LineLayoutTests.xctest */ = {isa = PBXFileReference; explicitFileType = wrapper.cfbundle; includeInIndex = 0; path = LineLayoutTests.xctest; sourceTree = BUILT_PRODUCTS_DIR; };
		36E387AD226DAE0C00F32E2B /* LineLayoutTests.m */ = {isa = PBXFileReference; lastKnownFileType = sourcecode.c.objc; path = LineLayoutTests.m; sourceTree = "<group>"; };
		36E387AF226DAE0C00F32E2B /* Info.plist */ = {isa = PBXFileReference; lastKnownFileType = text.plist.xml; path = Info.plist; sourceTree = "<group>"; };
		36E387B4226DAE0C00F32E2B /* LineLayoutUITests.xctest */ = {isa = PBXFileReference; explicitFileType = wrapper.cfbundle; includeInIndex = 0; path = LineLayoutUITests.xctest; sourceTree = BUILT_PRODUCTS_DIR; };
		36E387B8226DAE0C00F32E2B /* LineLayoutUITests.m */ = {isa = PBXFileReference; lastKnownFileType = sourcecode.c.objc; path = LineLayoutUITests.m; sourceTree = "<group>"; };
		36E387BA226DAE0C00F32E2B /* Info.plist */ = {isa = PBXFileReference; lastKnownFileType = text.plist.xml; path = Info.plist; sourceTree = "<group>"; };
		36E387CF226DAEB800F32E2B /* LineViewController.h */ = {isa = PBXFileReference; lastKnownFileType = sourcecode.c.h; path = LineViewController.h; sourceTree = "<group>"; };
		36E387D0226DAEB800F32E2B /* LineViewController.m */ = {isa = PBXFileReference; lastKnownFileType = sourcecode.c.objc; path = LineViewController.m; sourceTree = "<group>"; };
		36E387D2226DAEC500F32E2B /* LineLayout.h */ = {isa = PBXFileReference; lastKnownFileType = sourcecode.c.h; path = LineLayout.h; sourceTree = "<group>"; };
		36E387D3226DAEC500F32E2B /* LineLayout.m */ = {isa = PBXFileReference; lastKnownFileType = sourcecode.c.objc; path = LineLayout.m; sourceTree = "<group>"; };
		36E387D5226DAF1D00F32E2B /* CircleViewController.h */ = {isa = PBXFileReference; lastKnownFileType = sourcecode.c.h; path = CircleViewController.h; sourceTree = "<group>"; };
		36E387D6226DAF1D00F32E2B /* CircleViewController.m */ = {isa = PBXFileReference; lastKnownFileType = sourcecode.c.objc; path = CircleViewController.m; sourceTree = "<group>"; };
		36E387D8226DAF5200F32E2B /* LineCollectionView.h */ = {isa = PBXFileReference; lastKnownFileType = sourcecode.c.h; path = LineCollectionView.h; sourceTree = "<group>"; };
		36E387D9226DAF5200F32E2B /* LineCollectionView.m */ = {isa = PBXFileReference; lastKnownFileType = sourcecode.c.objc; path = LineCollectionView.m; sourceTree = "<group>"; };
		36E38865226EBE7400F32E2B /* CircleLyout.h */ = {isa = PBXFileReference; lastKnownFileType = sourcecode.c.h; path = CircleLyout.h; sourceTree = "<group>"; };
		36E38866226EBE7400F32E2B /* CircleLyout.m */ = {isa = PBXFileReference; lastKnownFileType = sourcecode.c.objc; path = CircleLyout.m; sourceTree = "<group>"; };
		36E38868226EBE9300F32E2B /* CircleCollectionView.h */ = {isa = PBXFileReference; lastKnownFileType = sourcecode.c.h; path = CircleCollectionView.h; sourceTree = "<group>"; };
		36E38869226EBE9300F32E2B /* CircleCollectionView.m */ = {isa = PBXFileReference; lastKnownFileType = sourcecode.c.objc; path = CircleCollectionView.m; sourceTree = "<group>"; };
/* End PBXFileReference section */

/* Begin PBXFrameworksBuildPhase section */
		36E3878E226DAE0800F32E2B /* Frameworks */ = {
			isa = PBXFrameworksBuildPhase;
			buildActionMask = 2147483647;
			files = (
			);
			runOnlyForDeploymentPostprocessing = 0;
		};
		36E387A6226DAE0C00F32E2B /* Frameworks */ = {
			isa = PBXFrameworksBuildPhase;
			buildActionMask = 2147483647;
			files = (
			);
			runOnlyForDeploymentPostprocessing = 0;
		};
		36E387B1226DAE0C00F32E2B /* Frameworks */ = {
			isa = PBXFrameworksBuildPhase;
			buildActionMask = 2147483647;
			files = (
			);
			runOnlyForDeploymentPostprocessing = 0;
		};
/* End PBXFrameworksBuildPhase section */

/* Begin PBXGroup section */
		36E38788226DAE0800F32E2B = {
			isa = PBXGroup;
			children = (
				36E38793226DAE0800F32E2B /* LineLayout */,
				36E387AC226DAE0C00F32E2B /* LineLayoutTests */,
				36E387B7226DAE0C00F32E2B /* LineLayoutUITests */,
				36E38792226DAE0800F32E2B /* Products */,
			);
			sourceTree = "<group>";
		};
		36E38792226DAE0800F32E2B /* Products */ = {
			isa = PBXGroup;
			children = (
				36E38791226DAE0800F32E2B /* LineLayout.app */,
				36E387A9226DAE0C00F32E2B /* LineLayoutTests.xctest */,
				36E387B4226DAE0C00F32E2B /* LineLayoutUITests.xctest */,
			);
			name = Products;
			sourceTree = "<group>";
		};
		36E38793226DAE0800F32E2B /* LineLayout */ = {
			isa = PBXGroup;
			children = (
				36E387C6226DAE9700F32E2B /* Class */,
				36E38794226DAE0800F32E2B /* AppDelegate.h */,
				36E38795226DAE0800F32E2B /* AppDelegate.m */,
				36E38797226DAE0800F32E2B /* ViewController.h */,
				36E38798226DAE0800F32E2B /* ViewController.m */,
				36E3879A226DAE0800F32E2B /* Main.storyboard */,
				36E3879D226DAE0C00F32E2B /* Assets.xcassets */,
				36E3879F226DAE0C00F32E2B /* LaunchScreen.storyboard */,
				36E387A2226DAE0C00F32E2B /* Info.plist */,
				36E387A3226DAE0C00F32E2B /* main.m */,
			);
			path = LineLayout;
			sourceTree = "<group>";
		};
		36E387AC226DAE0C00F32E2B /* LineLayoutTests */ = {
			isa = PBXGroup;
			children = (
				36E387AD226DAE0C00F32E2B /* LineLayoutTests.m */,
				36E387AF226DAE0C00F32E2B /* Info.plist */,
			);
			path = LineLayoutTests;
			sourceTree = "<group>";
		};
		36E387B7226DAE0C00F32E2B /* LineLayoutUITests */ = {
			isa = PBXGroup;
			children = (
				36E387B8226DAE0C00F32E2B /* LineLayoutUITests.m */,
				36E387BA226DAE0C00F32E2B /* Info.plist */,
			);
			path = LineLayoutUITests;
			sourceTree = "<group>";
		};
		36E387C6226DAE9700F32E2B /* Class */ = {
			isa = PBXGroup;
			children = (
				36E387C7226DAE9700F32E2B /* Line */,
				36E387CB226DAE9700F32E2B /* Circle */,
			);
			path = Class;
			sourceTree = "<group>";
		};
		36E387C7226DAE9700F32E2B /* Line */ = {
			isa = PBXGroup;
			children = (
				36E387C9226DAE9700F32E2B /* View */,
				36E387CA226DAE9700F32E2B /* ViewController */,
			);
			path = Line;
			sourceTree = "<group>";
		};
		36E387C9226DAE9700F32E2B /* View */ = {
			isa = PBXGroup;
			children = (
				36E387D2226DAEC500F32E2B /* LineLayout.h */,
				36E387D3226DAEC500F32E2B /* LineLayout.m */,
				36E387D8226DAF5200F32E2B /* LineCollectionView.h */,
				36E387D9226DAF5200F32E2B /* LineCollectionView.m */,
			);
			path = View;
			sourceTree = "<group>";
		};
		36E387CA226DAE9700F32E2B /* ViewController */ = {
			isa = PBXGroup;
			children = (
				36E387CF226DAEB800F32E2B /* LineViewController.h */,
				36E387D0226DAEB800F32E2B /* LineViewController.m */,
			);
			path = ViewController;
			sourceTree = "<group>";
		};
		36E387CB226DAE9700F32E2B /* Circle */ = {
			isa = PBXGroup;
			children = (
				DD945CD7226DEC8F00942EC1 /* View */,
				36E387CE226DAE9700F32E2B /* ViewController */,
			);
			path = Circle;
			sourceTree = "<group>";
		};
		36E387CE226DAE9700F32E2B /* ViewController */ = {
			isa = PBXGroup;
			children = (
				36E387D5226DAF1D00F32E2B /* CircleViewController.h */,
				36E387D6226DAF1D00F32E2B /* CircleViewController.m */,
			);
			path = ViewController;
			sourceTree = "<group>";
		};
		DD945CD7226DEC8F00942EC1 /* View */ = {
			isa = PBXGroup;
			children = (
				36E38865226EBE7400F32E2B /* CircleLyout.h */,
				36E38866226EBE7400F32E2B /* CircleLyout.m */,
				36E38868226EBE9300F32E2B /* CircleCollectionView.h */,
				36E38869226EBE9300F32E2B /* CircleCollectionView.m */,
			);
			path = View;
			sourceTree = "<group>";
		};
/* End PBXGroup section */

/* Begin PBXNativeTarget section */
		36E38790226DAE0800F32E2B /* LineLayout */ = {
			isa = PBXNativeTarget;
			buildConfigurationList = 36E387BD226DAE0C00F32E2B /* Build configuration list for PBXNativeTarget "LineLayout" */;
			buildPhases = (
				36E3878D226DAE0800F32E2B /* Sources */,
				36E3878E226DAE0800F32E2B /* Frameworks */,
				36E3878F226DAE0800F32E2B /* Resources */,
			);
			buildRules = (
			);
			dependencies = (
			);
			name = LineLayout;
			productName = LineLayout;
			productReference = 36E38791226DAE0800F32E2B /* LineLayout.app */;
			productType = "com.apple.product-type.application";
		};
		36E387A8226DAE0C00F32E2B /* LineLayoutTests */ = {
			isa = PBXNativeTarget;
			buildConfigurationList = 36E387C0226DAE0C00F32E2B /* Build configuration list for PBXNativeTarget "LineLayoutTests" */;
			buildPhases = (
				36E387A5226DAE0C00F32E2B /* Sources */,
				36E387A6226DAE0C00F32E2B /* Frameworks */,
				36E387A7226DAE0C00F32E2B /* Resources */,
			);
			buildRules = (
			);
			dependencies = (
				36E387AB226DAE0C00F32E2B /* PBXTargetDependency */,
			);
			name = LineLayoutTests;
			productName = LineLayoutTests;
			productReference = 36E387A9226DAE0C00F32E2B /* LineLayoutTests.xctest */;
			productType = "com.apple.product-type.bundle.unit-test";
		};
		36E387B3226DAE0C00F32E2B /* LineLayoutUITests */ = {
			isa = PBXNativeTarget;
			buildConfigurationList = 36E387C3226DAE0C00F32E2B /* Build configuration list for PBXNativeTarget "LineLayoutUITests" */;
			buildPhases = (
				36E387B0226DAE0C00F32E2B /* Sources */,
				36E387B1226DAE0C00F32E2B /* Frameworks */,
				36E387B2226DAE0C00F32E2B /* Resources */,
			);
			buildRules = (
			);
			dependencies = (
				36E387B6226DAE0C00F32E2B /* PBXTargetDependency */,
			);
			name = LineLayoutUITests;
			productName = LineLayoutUITests;
			productReference = 36E387B4226DAE0C00F32E2B /* LineLayoutUITests.xctest */;
			productType = "com.apple.product-type.bundle.ui-testing";
		};
/* End PBXNativeTarget section */

/* Begin PBXProject section */
		36E38789226DAE0800F32E2B /* Project object */ = {
			isa = PBXProject;
			attributes = {
				LastUpgradeCheck = 1020;
				ORGANIZATIONNAME = "飞翔";
				TargetAttributes = {
					36E38790226DAE0800F32E2B = {
						CreatedOnToolsVersion = 10.2;
					};
					36E387A8226DAE0C00F32E2B = {
						CreatedOnToolsVersion = 10.2;
						TestTargetID = 36E38790226DAE0800F32E2B;
					};
					36E387B3226DAE0C00F32E2B = {
						CreatedOnToolsVersion = 10.2;
						TestTargetID = 36E38790226DAE0800F32E2B;
					};
				};
			};
			buildConfigurationList = 36E3878C226DAE0800F32E2B /* Build configuration list for PBXProject "LineLayout" */;
			compatibilityVersion = "Xcode 9.3";
			developmentRegion = en;
			hasScannedForEncodings = 0;
			knownRegions = (
				en,
				Base,
			);
			mainGroup = 36E38788226DAE0800F32E2B;
			productRefGroup = 36E38792226DAE0800F32E2B /* Products */;
			projectDirPath = "";
			projectRoot = "";
			targets = (
				36E38790226DAE0800F32E2B /* LineLayout */,
				36E387A8226DAE0C00F32E2B /* LineLayoutTests */,
				36E387B3226DAE0C00F32E2B /* LineLayoutUITests */,
			);
		};
/* End PBXProject section */

/* Begin PBXResourcesBuildPhase section */
		36E3878F226DAE0800F32E2B /* Resources */ = {
			isa = PBXResourcesBuildPhase;
			buildActionMask = 2147483647;
			files = (
				36E387A1226DAE0C00F32E2B /* LaunchScreen.storyboard in Resources */,
				36E3879E226DAE0C00F32E2B /* Assets.xcassets in Resources */,
				36E3879C226DAE0800F32E2B /* Main.storyboard in Resources */,
			);
			runOnlyForDeploymentPostprocessing = 0;
		};
		36E387A7226DAE0C00F32E2B /* Resources */ = {
			isa = PBXResourcesBuildPhase;
			buildActionMask = 2147483647;
			files = (
			);
			runOnlyForDeploymentPostprocessing = 0;
		};
		36E387B2226DAE0C00F32E2B /* Resources */ = {
			isa = PBXResourcesBuildPhase;
			buildActionMask = 2147483647;
			files = (
			);
			runOnlyForDeploymentPostprocessing = 0;
		};
/* End PBXResourcesBuildPhase section */

/* Begin PBXSourcesBuildPhase section */
		36E3878D226DAE0800F32E2B /* Sources */ = {
			isa = PBXSourcesBuildPhase;
			buildActionMask = 2147483647;
			files = (
				36E3886A226EBE9300F32E2B /* CircleCollectionView.m in Sources */,
				36E38799226DAE0800F32E2B /* ViewController.m in Sources */,
				36E387A4226DAE0C00F32E2B /* main.m in Sources */,
				36E387D1226DAEB800F32E2B /* LineViewController.m in Sources */,
				36E387D4226DAEC500F32E2B /* LineLayout.m in Sources */,
				36E387D7226DAF1D00F32E2B /* CircleViewController.m in Sources */,
				36E387DA226DAF5200F32E2B /* LineCollectionView.m in Sources */,
				36E38796226DAE0800F32E2B /* AppDelegate.m in Sources */,
				36E38867226EBE7400F32E2B /* CircleLyout.m in Sources */,
			);
			runOnlyForDeploymentPostprocessing = 0;
		};
		36E387A5226DAE0C00F32E2B /* Sources */ = {
			isa = PBXSourcesBuildPhase;
			buildActionMask = 2147483647;
			files = (
				36E387AE226DAE0C00F32E2B /* LineLayoutTests.m in Sources */,
			);
			runOnlyForDeploymentPostprocessing = 0;
		};
		36E387B0226DAE0C00F32E2B /* Sources */ = {
			isa = PBXSourcesBuildPhase;
			buildActionMask = 2147483647;
			files = (
				36E387B9226DAE0C00F32E2B /* LineLayoutUITests.m in Sources */,
			);
			runOnlyForDeploymentPostprocessing = 0;
		};
/* End PBXSourcesBuildPhase section */

/* Begin PBXTargetDependency section */
		36E387AB226DAE0C00F32E2B /* PBXTargetDependency */ = {
			isa = PBXTargetDependency;
			target = 36E38790226DAE0800F32E2B /* LineLayout */;
			targetProxy = 36E387AA226DAE0C00F32E2B /* PBXContainerItemProxy */;
		};
		36E387B6226DAE0C00F32E2B /* PBXTargetDependency */ = {
			isa = PBXTargetDependency;
			target = 36E38790226DAE0800F32E2B /* LineLayout */;
			targetProxy = 36E387B5226DAE0C00F32E2B /* PBXContainerItemProxy */;
		};
/* End PBXTargetDependency section */

/* Begin PBXVariantGroup section */
		36E3879A226DAE0800F32E2B /* Main.storyboard */ = {
			isa = PBXVariantGroup;
			children = (
				36E3879B226DAE0800F32E2B /* Base */,
			);
			name = Main.storyboard;
			sourceTree = "<group>";
		};
		36E3879F226DAE0C00F32E2B /* LaunchScreen.storyboard */ = {
			isa = PBXVariantGroup;
			children = (
				36E387A0226DAE0C00F32E2B /* Base */,
			);
			name = LaunchScreen.storyboard;
			sourceTree = "<group>";
		};
/* End PBXVariantGroup section */

/* Begin XCBuildConfiguration section */
		36E387BB226DAE0C00F32E2B /* Debug */ = {
			isa = XCBuildConfiguration;
			buildSettings = {
				ALWAYS_SEARCH_USER_PATHS = NO;
				CLANG_ANALYZER_NONNULL = YES;
				CLANG_ANALYZER_NUMBER_OBJECT_CONVERSION = YES_AGGRESSIVE;
				CLANG_CXX_LANGUAGE_STANDARD = "gnu++14";
				CLANG_CXX_LIBRARY = "libc++";
				CLANG_ENABLE_MODULES = YES;
				CLANG_ENABLE_OBJC_ARC = YES;
				CLANG_ENABLE_OBJC_WEAK = YES;
				CLANG_WARN_BLOCK_CAPTURE_AUTORELEASING = YES;
				CLANG_WARN_BOOL_CONVERSION = YES;
				CLANG_WARN_COMMA = YES;
				CLANG_WARN_CONSTANT_CONVERSION = YES;
				CLANG_WARN_DEPRECATED_OBJC_IMPLEMENTATIONS = YES;
				CLANG_WARN_DIRECT_OBJC_ISA_USAGE = YES_ERROR;
				CLANG_WARN_DOCUMENTATION_COMMENTS = YES;
				CLANG_WARN_EMPTY_BODY = YES;
				CLANG_WARN_ENUM_CONVERSION = YES;
				CLANG_WARN_INFINITE_RECURSION = YES;
				CLANG_WARN_INT_CONVERSION = YES;
				CLANG_WARN_NON_LITERAL_NULL_CONVERSION = YES;
				CLANG_WARN_OBJC_IMPLICIT_RETAIN_SELF = YES;
				CLANG_WARN_OBJC_LITERAL_CONVERSION = YES;
				CLANG_WARN_OBJC_ROOT_CLASS = YES_ERROR;
				CLANG_WARN_RANGE_LOOP_ANALYSIS = YES;
				CLANG_WARN_STRICT_PROTOTYPES = YES;
				CLANG_WARN_SUSPICIOUS_MOVE = YES;
				CLANG_WARN_UNGUARDED_AVAILABILITY = YES_AGGRESSIVE;
				CLANG_WARN_UNREACHABLE_CODE = YES;
				CLANG_WARN__DUPLICATE_METHOD_MATCH = YES;
				CODE_SIGN_IDENTITY = "iPhone Developer";
				COPY_PHASE_STRIP = NO;
				DEBUG_INFORMATION_FORMAT = dwarf;
				ENABLE_STRICT_OBJC_MSGSEND = YES;
				ENABLE_TESTABILITY = YES;
				GCC_C_LANGUAGE_STANDARD = gnu11;
				GCC_DYNAMIC_NO_PIC = NO;
				GCC_NO_COMMON_BLOCKS = YES;
				GCC_OPTIMIZATION_LEVEL = 0;
				GCC_PREPROCESSOR_DEFINITIONS = (
					"DEBUG=1",
					"$(inherited)",
				);
				GCC_WARN_64_TO_32_BIT_CONVERSION = YES;
				GCC_WARN_ABOUT_RETURN_TYPE = YES_ERROR;
				GCC_WARN_UNDECLARED_SELECTOR = YES;
				GCC_WARN_UNINITIALIZED_AUTOS = YES_AGGRESSIVE;
				GCC_WARN_UNUSED_FUNCTION = YES;
				GCC_WARN_UNUSED_VARIABLE = YES;
				IPHONEOS_DEPLOYMENT_TARGET = 12.2;
				MTL_ENABLE_DEBUG_INFO = INCLUDE_SOURCE;
				MTL_FAST_MATH = YES;
				ONLY_ACTIVE_ARCH = YES;
				SDKROOT = iphoneos;
			};
			name = Debug;
		};
		36E387BC226DAE0C00F32E2B /* Release */ = {
			isa = XCBuildConfiguration;
			buildSettings = {
				ALWAYS_SEARCH_USER_PATHS = NO;
				CLANG_ANALYZER_NONNULL = YES;
				CLANG_ANALYZER_NUMBER_OBJECT_CONVERSION = YES_AGGRESSIVE;
				CLANG_CXX_LANGUAGE_STANDARD = "gnu++14";
				CLANG_CXX_LIBRARY = "libc++";
				CLANG_ENABLE_MODULES = YES;
				CLANG_ENABLE_OBJC_ARC = YES;
				CLANG_ENABLE_OBJC_WEAK = YES;
				CLANG_WARN_BLOCK_CAPTURE_AUTORELEASING = YES;
				CLANG_WARN_BOOL_CONVERSION = YES;
				CLANG_WARN_COMMA = YES;
				CLANG_WARN_CONSTANT_CONVERSION = YES;
				CLANG_WARN_DEPRECATED_OBJC_IMPLEMENTATIONS = YES;
				CLANG_WARN_DIRECT_OBJC_ISA_USAGE = YES_ERROR;
				CLANG_WARN_DOCUMENTATION_COMMENTS = YES;
				CLANG_WARN_EMPTY_BODY = YES;
				CLANG_WARN_ENUM_CONVERSION = YES;
				CLANG_WARN_INFINITE_RECURSION = YES;
				CLANG_WARN_INT_CONVERSION = YES;
				CLANG_WARN_NON_LITERAL_NULL_CONVERSION = YES;
				CLANG_WARN_OBJC_IMPLICIT_RETAIN_SELF = YES;
				CLANG_WARN_OBJC_LITERAL_CONVERSION = YES;
				CLANG_WARN_OBJC_ROOT_CLASS = YES_ERROR;
				CLANG_WARN_RANGE_LOOP_ANALYSIS = YES;
				CLANG_WARN_STRICT_PROTOTYPES = YES;
				CLANG_WARN_SUSPICIOUS_MOVE = YES;
				CLANG_WARN_UNGUARDED_AVAILABILITY = YES_AGGRESSIVE;
				CLANG_WARN_UNREACHABLE_CODE = YES;
				CLANG_WARN__DUPLICATE_METHOD_MATCH = YES;
				CODE_SIGN_IDENTITY = "iPhone Developer";
				COPY_PHASE_STRIP = NO;
				DEBUG_INFORMATION_FORMAT = "dwarf-with-dsym";
				ENABLE_NS_ASSERTIONS = NO;
				ENABLE_STRICT_OBJC_MSGSEND = YES;
				GCC_C_LANGUAGE_STANDARD = gnu11;
				GCC_NO_COMMON_BLOCKS = YES;
				GCC_WARN_64_TO_32_BIT_CONVERSION = YES;
				GCC_WARN_ABOUT_RETURN_TYPE = YES_ERROR;
				GCC_WARN_UNDECLARED_SELECTOR = YES;
				GCC_WARN_UNINITIALIZED_AUTOS = YES_AGGRESSIVE;
				GCC_WARN_UNUSED_FUNCTION = YES;
				GCC_WARN_UNUSED_VARIABLE = YES;
				IPHONEOS_DEPLOYMENT_TARGET = 12.2;
				MTL_ENABLE_DEBUG_INFO = NO;
				MTL_FAST_MATH = YES;
				SDKROOT = iphoneos;
				VALIDATE_PRODUCT = YES;
			};
			name = Release;
		};
		36E387BE226DAE0C00F32E2B /* Debug */ = {
			isa = XCBuildConfiguration;
			buildSettings = {
				ASSETCATALOG_COMPILER_APPICON_NAME = AppIcon;
				CODE_SIGN_IDENTITY = "iPhone Developer";
				CODE_SIGN_STYLE = Automatic;
				DEVELOPMENT_TEAM = 7KMK843WA4;
				INFOPLIST_FILE = LineLayout/Info.plist;
				IPHONEOS_DEPLOYMENT_TARGET = 12.2;
				LD_RUNPATH_SEARCH_PATHS = (
					"$(inherited)",
					"@executable_path/Frameworks",
				);
				PRODUCT_BUNDLE_IDENTIFIER = "--.LineLayout";
				PRODUCT_NAME = "$(TARGET_NAME)";
				PROVISIONING_PROFILE_SPECIFIER = "";
				TARGETED_DEVICE_FAMILY = "1,2";
			};
			name = Debug;
		};
		36E387BF226DAE0C00F32E2B /* Release */ = {
			isa = XCBuildConfiguration;
			buildSettings = {
				ASSETCATALOG_COMPILER_APPICON_NAME = AppIcon;
				CODE_SIGN_IDENTITY = "iPhone Developer";
				CODE_SIGN_STYLE = Automatic;
				DEVELOPMENT_TEAM = 7KMK843WA4;
				INFOPLIST_FILE = LineLayout/Info.plist;
				IPHONEOS_DEPLOYMENT_TARGET = 12.2;
				LD_RUNPATH_SEARCH_PATHS = (
					"$(inherited)",
					"@executable_path/Frameworks",
				);
				PRODUCT_BUNDLE_IDENTIFIER = "--.LineLayout";
				PRODUCT_NAME = "$(TARGET_NAME)";
				PROVISIONING_PROFILE_SPECIFIER = "";
				TARGETED_DEVICE_FAMILY = "1,2";
			};
			name = Release;
		};
		36E387C1226DAE0C00F32E2B /* Debug */ = {
			isa = XCBuildConfiguration;
			buildSettings = {
				BUNDLE_LOADER = "$(TEST_HOST)";
				CODE_SIGN_STYLE = Automatic;
				INFOPLIST_FILE = LineLayoutTests/Info.plist;
				LD_RUNPATH_SEARCH_PATHS = (
					"$(inherited)",
					"@executable_path/Frameworks",
					"@loader_path/Frameworks",
				);
				PRODUCT_BUNDLE_IDENTIFIER = "--.LineLayoutTests";
				PRODUCT_NAME = "$(TARGET_NAME)";
				TARGETED_DEVICE_FAMILY = "1,2";
				TEST_HOST = "$(BUILT_PRODUCTS_DIR)/LineLayout.app/LineLayout";
			};
			name = Debug;
		};
		36E387C2226DAE0C00F32E2B /* Release */ = {
			isa = XCBuildConfiguration;
			buildSettings = {
				BUNDLE_LOADER = "$(TEST_HOST)";
				CODE_SIGN_STYLE = Automatic;
				INFOPLIST_FILE = LineLayoutTests/Info.plist;
				LD_RUNPATH_SEARCH_PATHS = (
					"$(inherited)",
					"@executable_path/Frameworks",
					"@loader_path/Frameworks",
				);
				PRODUCT_BUNDLE_IDENTIFIER = "--.LineLayoutTests";
				PRODUCT_NAME = "$(TARGET_NAME)";
				TARGETED_DEVICE_FAMILY = "1,2";
				TEST_HOST = "$(BUILT_PRODUCTS_DIR)/LineLayout.app/LineLayout";
			};
			name = Release;
		};
		36E387C4226DAE0C00F32E2B /* Debug */ = {
			isa = XCBuildConfiguration;
			buildSettings = {
				CODE_SIGN_STYLE = Automatic;
				INFOPLIST_FILE = LineLayoutUITests/Info.plist;
				LD_RUNPATH_SEARCH_PATHS = (
					"$(inherited)",
					"@executable_path/Frameworks",
					"@loader_path/Frameworks",
				);
				PRODUCT_BUNDLE_IDENTIFIER = "--.LineLayoutUITests";
				PRODUCT_NAME = "$(TARGET_NAME)";
				TARGETED_DEVICE_FAMILY = "1,2";
				TEST_TARGET_NAME = LineLayout;
			};
			name = Debug;
		};
		36E387C5226DAE0C00F32E2B /* Release */ = {
			isa = XCBuildConfiguration;
			buildSettings = {
				CODE_SIGN_STYLE = Automatic;
				INFOPLIST_FILE = LineLayoutUITests/Info.plist;
				LD_RUNPATH_SEARCH_PATHS = (
					"$(inherited)",
					"@executable_path/Frameworks",
					"@loader_path/Frameworks",
				);
				PRODUCT_BUNDLE_IDENTIFIER = "--.LineLayoutUITests";
				PRODUCT_NAME = "$(TARGET_NAME)";
				TARGETED_DEVICE_FAMILY = "1,2";
				TEST_TARGET_NAME = LineLayout;
			};
			name = Release;
		};
/* End XCBuildConfiguration section */

/* Begin XCConfigurationList section */
		36E3878C226DAE0800F32E2B /* Build configuration list for PBXProject "LineLayout" */ = {
			isa = XCConfigurationList;
			buildConfigurations = (
				36E387BB226DAE0C00F32E2B /* Debug */,
				36E387BC226DAE0C00F32E2B /* Release */,
			);
			defaultConfigurationIsVisible = 0;
			defaultConfigurationName = Release;
		};
		36E387BD226DAE0C00F32E2B /* Build configuration list for PBXNativeTarget "LineLayout" */ = {
			isa = XCConfigurationList;
			buildConfigurations = (
				36E387BE226DAE0C00F32E2B /* Debug */,
				36E387BF226DAE0C00F32E2B /* Release */,
			);
			defaultConfigurationIsVisible = 0;
			defaultConfigurationName = Release;
		};
		36E387C0226DAE0C00F32E2B /* Build configuration list for PBXNativeTarget "LineLayoutTests" */ = {
			isa = XCConfigurationList;
			buildConfigurations = (
				36E387C1226DAE0C00F32E2B /* Debug */,
				36E387C2226DAE0C00F32E2B /* Release */,
			);
			defaultConfigurationIsVisible = 0;
			defaultConfigurationName = Release;
		};
		36E387C3226DAE0C00F32E2B /* Build configuration list for PBXNativeTarget "LineLayoutUITests" */ = {
			isa = XCConfigurationList;
			buildConfigurations = (
				36E387C4226DAE0C00F32E2B /* Debug */,
				36E387C5226DAE0C00F32E2B /* Release */,
			);
			defaultConfigurationIsVisible = 0;
			defaultConfigurationName = Release;
		};
/* End XCConfigurationList section */
	};
	rootObject = 36E38789226DAE0800F32E2B /* Project object */;
}
